
Microsoft Visual Studio Solution File, Format Version 12.00
# Visual Studio Version 17
VisualStudioVersion = 17.9.34622.214
MinimumVisualStudioVersion = 10.0.40219.1
Project("{9A19103F-16F7-4668-BE54-9A1E7A4F7556}") = "FluffyFox", "FluffyFox\FluffyFox.csproj", "{6C34A869-BFCE-4AD8-870D-FE5199160B51}"
EndProject
Project("{9A19103F-16F7-4668-BE54-9A1E7A4F7556}") = "DataAccess", "DataAccess\DataAccess.csproj", "{7974DB09-39D2-4953-AAB3-30E2CF6AC2A3}"
EndProject
Project("{FAE04EC0-301F-11D3-BF4B-00C04F79EFBC}") = "FluffyFox.Library", "FluffyFox.Library\FluffyFox.Library.csproj", "{B0109BDD-8583-4F1A-893C-BB2C1749662D}"
EndProject
Global
	GlobalSection(SolutionConfigurationPlatforms) = preSolution
		Debug|Any CPU = Debug|Any CPU
		Release|Any CPU = Release|Any CPU
	EndGlobalSection
	GlobalSection(ProjectConfigurationPlatforms) = postSolution
		{6C34A869-BFCE-4AD8-870D-FE5199160B51}.Debug|Any CPU.ActiveCfg = Debug|Any CPU
		{6C34A869-BFCE-4AD8-870D-FE5199160B51}.Debug|Any CPU.Build.0 = Debug|Any CPU
		{6C34A869-BFCE-4AD8-870D-FE5199160B51}.Release|Any CPU.ActiveCfg = Release|Any CPU
		{6C34A869-BFCE-4AD8-870D-FE5199160B51}.Release|Any CPU.Build.0 = Release|Any CPU
		{7974DB09-39D2-4953-AAB3-30E2CF6AC2A3}.Debug|Any CPU.ActiveCfg = Debug|Any CPU
		{7974DB09-39D2-4953-AAB3-30E2CF6AC2A3}.Debug|Any CPU.Build.0 = Debug|Any CPU
		{7974DB09-39D2-4953-AAB3-30E2CF6AC2A3}.Release|Any CPU.ActiveCfg = Release|Any CPU
		{7974DB09-39D2-4953-AAB3-30E2CF6AC2A3}.Release|Any CPU.Build.0 = Release|Any CPU
		{B0109BDD-8583-4F1A-893C-BB2C1749662D}.Debug|Any CPU.ActiveCfg = Debug|Any CPU
		{B0109BDD-8583-4F1A-893C-BB2C1749662D}.Debug|Any CPU.Build.0 = Debug|Any CPU
		{B0109BDD-8583-4F1A-893C-BB2C1749662D}.Release|Any CPU.ActiveCfg = Release|Any CPU
		{B0109BDD-8583-4F1A-893C-BB2C1749662D}.Release|Any CPU.Build.0 = Release|Any CPU
	EndGlobalSection
	GlobalSection(SolutionProperties) = preSolution
		HideSolutionNode = FALSE
	EndGlobalSection
	GlobalSection(ExtensibilityGlobals) = postSolution
		SolutionGuid = {C75CC1EA-37E3-4B44-9279-989B0B0FD8F9}
	EndGlobalSection
EndGlobal
